// !$*UTF8*$!
{
	archiveVersion = 1;
	classes = {
	};
	objectVersion = 55;
	objects = {

/* Begin PBXBuildFile section */
		22BA340C2879A7F80091B43C /* AppDelegate.swift in Sources */ = {isa = PBXBuildFile; fileRef = 22BA340B2879A7F80091B43C /* AppDelegate.swift */; };
		22BA340E2879A7F80091B43C /* SceneDelegate.swift in Sources */ = {isa = PBXBuildFile; fileRef = 22BA340D2879A7F80091B43C /* SceneDelegate.swift */; };
		22BA34102879A7F80091B43C /* LoaderViewController.swift in Sources */ = {isa = PBXBuildFile; fileRef = 22BA340F2879A7F80091B43C /* LoaderViewController.swift */; };
		22BA34152879A7F80091B43C /* Assets.xcassets in Resources */ = {isa = PBXBuildFile; fileRef = 22BA34142879A7F80091B43C /* Assets.xcassets */; };
		22BA342B2879B8C60091B43C /* GoogleService-Info.plist in Resources */ = {isa = PBXBuildFile; fileRef = 22BA342A2879B8C60091B43C /* GoogleService-Info.plist */; };
		22BA342E2879B9380091B43C /* Router.swift in Sources */ = {isa = PBXBuildFile; fileRef = 22BA342D2879B9380091B43C /* Router.swift */; };
		22BA34302879BA740091B43C /* Coordinable.swift in Sources */ = {isa = PBXBuildFile; fileRef = 22BA342F2879BA740091B43C /* Coordinable.swift */; };
		22BA34322879BD260091B43C /* Constants.swift in Sources */ = {isa = PBXBuildFile; fileRef = 22BA34312879BD260091B43C /* Constants.swift */; };
		22C64BCB28905AF1004B48E6 /* UIImage+Extension.swift in Sources */ = {isa = PBXBuildFile; fileRef = 22C64BCA28905AF1004B48E6 /* UIImage+Extension.swift */; };
		22E51FDD2880AAE700EC40E8 /* AppCoordinator.swift in Sources */ = {isa = PBXBuildFile; fileRef = 22E51FDC2880AAE700EC40E8 /* AppCoordinator.swift */; };
		22E51FE02883316E00EC40E8 /* ViewFactory.swift in Sources */ = {isa = PBXBuildFile; fileRef = 22E51FDF2883316E00EC40E8 /* ViewFactory.swift */; };
		96DE23D42893CE780026458C /* FirebaseAuth in Frameworks */ = {isa = PBXBuildFile; productRef = 96DE23D32893CE780026458C /* FirebaseAuth */; };
		96DE23D62893D77F0026458C /* AuthCoordinator.swift in Sources */ = {isa = PBXBuildFile; fileRef = 96DE23D52893D77F0026458C /* AuthCoordinator.swift */; };
		96DE23D92893D7BA0026458C /* LoginViewController.swift in Sources */ = {isa = PBXBuildFile; fileRef = 96DE23D82893D7BA0026458C /* LoginViewController.swift */; };
		96DE23DB2893D7DF0026458C /* LoginViewModel.swift in Sources */ = {isa = PBXBuildFile; fileRef = 96DE23DA2893D7DF0026458C /* LoginViewModel.swift */; };
		96DE23DD2893D8820026458C /* LoaderViewModel.swift in Sources */ = {isa = PBXBuildFile; fileRef = 96DE23DC2893D8820026458C /* LoaderViewModel.swift */; };
		96DE23E22893E64F0026458C /* CoordinatorFactory.swift in Sources */ = {isa = PBXBuildFile; fileRef = 96DE23E12893E64F0026458C /* CoordinatorFactory.swift */; };
		96DE23E42893F62B0026458C /* MainCoordinator.swift in Sources */ = {isa = PBXBuildFile; fileRef = 96DE23E32893F62B0026458C /* MainCoordinator.swift */; };
		96DE23E72893F86C0026458C /* ActivityViewController.swift in Sources */ = {isa = PBXBuildFile; fileRef = 96DE23E62893F86C0026458C /* ActivityViewController.swift */; };
		96DE23E92893F95F0026458C /* ActivityViewModel.swift in Sources */ = {isa = PBXBuildFile; fileRef = 96DE23E82893F95F0026458C /* ActivityViewModel.swift */; };
		96DE23EC2894008D0026458C /* AuthorizationService.swift in Sources */ = {isa = PBXBuildFile; fileRef = 96DE23EB2894008D0026458C /* AuthorizationService.swift */; };
		96DE23F0289404CD0026458C /* LogoutService.swift in Sources */ = {isa = PBXBuildFile; fileRef = 96DE23EF289404CD0026458C /* LogoutService.swift */; };
		96DE23F32894265E0026458C /* ModifyActivityViewController.swift in Sources */ = {isa = PBXBuildFile; fileRef = 96DE23F22894265E0026458C /* ModifyActivityViewController.swift */; };
		96DE23F52894266B0026458C /* ModifyActivityViewModel.swift in Sources */ = {isa = PBXBuildFile; fileRef = 96DE23F42894266B0026458C /* ModifyActivityViewModel.swift */; };
/* End PBXBuildFile section */

/* Begin PBXFileReference section */
		22BA34082879A7F80091B43C /* CarApp.app */ = {isa = PBXFileReference; explicitFileType = wrapper.application; includeInIndex = 0; path = CarApp.app; sourceTree = BUILT_PRODUCTS_DIR; };
		22BA340B2879A7F80091B43C /* AppDelegate.swift */ = {isa = PBXFileReference; lastKnownFileType = sourcecode.swift; path = AppDelegate.swift; sourceTree = "<group>"; };
		22BA340D2879A7F80091B43C /* SceneDelegate.swift */ = {isa = PBXFileReference; lastKnownFileType = sourcecode.swift; path = SceneDelegate.swift; sourceTree = "<group>"; };
		22BA340F2879A7F80091B43C /* LoaderViewController.swift */ = {isa = PBXFileReference; lastKnownFileType = sourcecode.swift; path = LoaderViewController.swift; sourceTree = "<group>"; };
		22BA34142879A7F80091B43C /* Assets.xcassets */ = {isa = PBXFileReference; lastKnownFileType = folder.assetcatalog; path = Assets.xcassets; sourceTree = "<group>"; };
		22BA34192879A7F80091B43C /* Info.plist */ = {isa = PBXFileReference; lastKnownFileType = text.plist.xml; path = Info.plist; sourceTree = "<group>"; };
		22BA342A2879B8C60091B43C /* GoogleService-Info.plist */ = {isa = PBXFileReference; fileEncoding = 4; lastKnownFileType = text.plist.xml; path = "GoogleService-Info.plist"; sourceTree = "<group>"; };
		22BA342D2879B9380091B43C /* Router.swift */ = {isa = PBXFileReference; lastKnownFileType = sourcecode.swift; path = Router.swift; sourceTree = "<group>"; };
		22BA342F2879BA740091B43C /* Coordinable.swift */ = {isa = PBXFileReference; lastKnownFileType = sourcecode.swift; path = Coordinable.swift; sourceTree = "<group>"; };
		22BA34312879BD260091B43C /* Constants.swift */ = {isa = PBXFileReference; lastKnownFileType = sourcecode.swift; path = Constants.swift; sourceTree = "<group>"; };
		22C64BCA28905AF1004B48E6 /* UIImage+Extension.swift */ = {isa = PBXFileReference; lastKnownFileType = sourcecode.swift; path = "UIImage+Extension.swift"; sourceTree = "<group>"; };
		22E51FDC2880AAE700EC40E8 /* AppCoordinator.swift */ = {isa = PBXFileReference; lastKnownFileType = sourcecode.swift; path = AppCoordinator.swift; sourceTree = "<group>"; };
		22E51FDF2883316E00EC40E8 /* ViewFactory.swift */ = {isa = PBXFileReference; lastKnownFileType = sourcecode.swift; path = ViewFactory.swift; sourceTree = "<group>"; };
		96DE23D52893D77F0026458C /* AuthCoordinator.swift */ = {isa = PBXFileReference; lastKnownFileType = sourcecode.swift; path = AuthCoordinator.swift; sourceTree = "<group>"; };
		96DE23D82893D7BA0026458C /* LoginViewController.swift */ = {isa = PBXFileReference; lastKnownFileType = sourcecode.swift; path = LoginViewController.swift; sourceTree = "<group>"; };
		96DE23DA2893D7DF0026458C /* LoginViewModel.swift */ = {isa = PBXFileReference; lastKnownFileType = sourcecode.swift; path = LoginViewModel.swift; sourceTree = "<group>"; };
		96DE23DC2893D8820026458C /* LoaderViewModel.swift */ = {isa = PBXFileReference; lastKnownFileType = sourcecode.swift; path = LoaderViewModel.swift; sourceTree = "<group>"; };
		96DE23E12893E64F0026458C /* CoordinatorFactory.swift */ = {isa = PBXFileReference; lastKnownFileType = sourcecode.swift; path = CoordinatorFactory.swift; sourceTree = "<group>"; };
		96DE23E32893F62B0026458C /* MainCoordinator.swift */ = {isa = PBXFileReference; lastKnownFileType = sourcecode.swift; path = MainCoordinator.swift; sourceTree = "<group>"; };
		96DE23E62893F86C0026458C /* ActivityViewController.swift */ = {isa = PBXFileReference; lastKnownFileType = sourcecode.swift; path = ActivityViewController.swift; sourceTree = "<group>"; };
		96DE23E82893F95F0026458C /* ActivityViewModel.swift */ = {isa = PBXFileReference; lastKnownFileType = sourcecode.swift; path = ActivityViewModel.swift; sourceTree = "<group>"; };
		96DE23EB2894008D0026458C /* AuthorizationService.swift */ = {isa = PBXFileReference; lastKnownFileType = sourcecode.swift; path = AuthorizationService.swift; sourceTree = "<group>"; };
		96DE23EF289404CD0026458C /* LogoutService.swift */ = {isa = PBXFileReference; lastKnownFileType = sourcecode.swift; path = LogoutService.swift; sourceTree = "<group>"; };
		96DE23F22894265E0026458C /* ModifyActivityViewController.swift */ = {isa = PBXFileReference; lastKnownFileType = sourcecode.swift; path = ModifyActivityViewController.swift; sourceTree = "<group>"; };
		96DE23F42894266B0026458C /* ModifyActivityViewModel.swift */ = {isa = PBXFileReference; lastKnownFileType = sourcecode.swift; path = ModifyActivityViewModel.swift; sourceTree = "<group>"; };
/* End PBXFileReference section */

/* Begin PBXFrameworksBuildPhase section */
		22BA34052879A7F80091B43C /* Frameworks */ = {
			isa = PBXFrameworksBuildPhase;
			buildActionMask = 2147483647;
			files = (
				96DE23D42893CE780026458C /* FirebaseAuth in Frameworks */,
			);
			runOnlyForDeploymentPostprocessing = 0;
		};
/* End PBXFrameworksBuildPhase section */

/* Begin PBXGroup section */
		22BA33FF2879A7F80091B43C = {
			isa = PBXGroup;
			children = (
				22BA340A2879A7F80091B43C /* CarApp */,
				22BA34092879A7F80091B43C /* Products */,
			);
			sourceTree = "<group>";
		};
		22BA34092879A7F80091B43C /* Products */ = {
			isa = PBXGroup;
			children = (
				22BA34082879A7F80091B43C /* CarApp.app */,
			);
			name = Products;
			sourceTree = "<group>";
		};
		22BA340A2879A7F80091B43C /* CarApp */ = {
			isa = PBXGroup;
			children = (
				96DE23EA2894007E0026458C /* Services */,
				22C64BCC28905BDE004B48E6 /* Scenes */,
				22C64BC928905AE4004B48E6 /* Extension */,
				22E51FDE2883315D00EC40E8 /* Factory */,
				22E51FDB2880AAD900EC40E8 /* Coordinators */,
				22BA342C2879B9250091B43C /* Router */,
				22BA340B2879A7F80091B43C /* AppDelegate.swift */,
				22BA340D2879A7F80091B43C /* SceneDelegate.swift */,
				22BA34142879A7F80091B43C /* Assets.xcassets */,
				22BA34192879A7F80091B43C /* Info.plist */,
				22BA342A2879B8C60091B43C /* GoogleService-Info.plist */,
				22BA34312879BD260091B43C /* Constants.swift */,
			);
			path = CarApp;
			sourceTree = "<group>";
		};
		22BA342C2879B9250091B43C /* Router */ = {
			isa = PBXGroup;
			children = (
				22BA342D2879B9380091B43C /* Router.swift */,
				22BA342F2879BA740091B43C /* Coordinable.swift */,
			);
			path = Router;
			sourceTree = "<group>";
		};
		22C64BC928905AE4004B48E6 /* Extension */ = {
			isa = PBXGroup;
			children = (
				22C64BCA28905AF1004B48E6 /* UIImage+Extension.swift */,
			);
			path = Extension;
			sourceTree = "<group>";
		};
		22C64BCC28905BDE004B48E6 /* Scenes */ = {
			isa = PBXGroup;
			children = (
				96DE23F12894264A0026458C /* ModifyActivityScene */,
				96DE23E52893F67B0026458C /* ActivityScene */,
				96DE23D72893D7A30026458C /* LoginScene */,
				22C64BCD28905BE8004B48E6 /* LoaderScene */,
			);
			path = Scenes;
			sourceTree = "<group>";
		};
		22C64BCD28905BE8004B48E6 /* LoaderScene */ = {
			isa = PBXGroup;
			children = (
				22BA340F2879A7F80091B43C /* LoaderViewController.swift */,
				96DE23DC2893D8820026458C /* LoaderViewModel.swift */,
			);
			path = LoaderScene;
			sourceTree = "<group>";
		};
		22E51FDB2880AAD900EC40E8 /* Coordinators */ = {
			isa = PBXGroup;
			children = (
				22E51FDC2880AAE700EC40E8 /* AppCoordinator.swift */,
				96DE23D52893D77F0026458C /* AuthCoordinator.swift */,
				96DE23E32893F62B0026458C /* MainCoordinator.swift */,
			);
			path = Coordinators;
			sourceTree = "<group>";
		};
		22E51FDE2883315D00EC40E8 /* Factory */ = {
			isa = PBXGroup;
			children = (
				22E51FDF2883316E00EC40E8 /* ViewFactory.swift */,
				96DE23E12893E64F0026458C /* CoordinatorFactory.swift */,
			);
			path = Factory;
			sourceTree = "<group>";
		};
		96DE23D72893D7A30026458C /* LoginScene */ = {
			isa = PBXGroup;
			children = (
				96DE23D82893D7BA0026458C /* LoginViewController.swift */,
				96DE23DA2893D7DF0026458C /* LoginViewModel.swift */,
			);
			path = LoginScene;
			sourceTree = "<group>";
		};
		96DE23E52893F67B0026458C /* ActivityScene */ = {
			isa = PBXGroup;
			children = (
				96DE23E62893F86C0026458C /* ActivityViewController.swift */,
				96DE23E82893F95F0026458C /* ActivityViewModel.swift */,
			);
			path = ActivityScene;
			sourceTree = "<group>";
		};
		96DE23EA2894007E0026458C /* Services */ = {
			isa = PBXGroup;
			children = (
				96DE23EB2894008D0026458C /* AuthorizationService.swift */,
				96DE23EF289404CD0026458C /* LogoutService.swift */,
			);
			path = Services;
			sourceTree = "<group>";
		};
		96DE23F12894264A0026458C /* ModifyActivityScene */ = {
			isa = PBXGroup;
			children = (
				96DE23F22894265E0026458C /* ModifyActivityViewController.swift */,
				96DE23F42894266B0026458C /* ModifyActivityViewModel.swift */,
			);
			path = ModifyActivityScene;
			sourceTree = "<group>";
		};
/* End PBXGroup section */

/* Begin PBXNativeTarget section */
		22BA34072879A7F80091B43C /* CarApp */ = {
			isa = PBXNativeTarget;
			buildConfigurationList = 22BA341C2879A7F80091B43C /* Build configuration list for PBXNativeTarget "CarApp" */;
			buildPhases = (
				22BA34042879A7F80091B43C /* Sources */,
				22BA34052879A7F80091B43C /* Frameworks */,
				22BA34062879A7F80091B43C /* Resources */,
			);
			buildRules = (
			);
			dependencies = (
			);
			name = CarApp;
			packageProductDependencies = (
				96DE23D32893CE780026458C /* FirebaseAuth */,
			);
			productName = CarApp;
			productReference = 22BA34082879A7F80091B43C /* CarApp.app */;
			productType = "com.apple.product-type.application";
		};
/* End PBXNativeTarget section */

/* Begin PBXProject section */
		22BA34002879A7F80091B43C /* Project object */ = {
			isa = PBXProject;
			attributes = {
				BuildIndependentTargetsInParallel = 1;
				LastSwiftUpdateCheck = 1320;
				LastUpgradeCheck = 1320;
				TargetAttributes = {
					22BA34072879A7F80091B43C = {
						CreatedOnToolsVersion = 13.2.1;
					};
				};
			};
			buildConfigurationList = 22BA34032879A7F80091B43C /* Build configuration list for PBXProject "CarApp" */;
			compatibilityVersion = "Xcode 13.0";
			developmentRegion = en;
			hasScannedForEncodings = 0;
			knownRegions = (
				en,
				Base,
			);
			mainGroup = 22BA33FF2879A7F80091B43C;
			packageReferences = (
				96DE23D22893CE780026458C /* XCRemoteSwiftPackageReference "firebase-ios-sdk" */,
			);
			productRefGroup = 22BA34092879A7F80091B43C /* Products */;
			projectDirPath = "";
			projectRoot = "";
			targets = (
				22BA34072879A7F80091B43C /* CarApp */,
			);
		};
/* End PBXProject section */

/* Begin PBXResourcesBuildPhase section */
		22BA34062879A7F80091B43C /* Resources */ = {
			isa = PBXResourcesBuildPhase;
			buildActionMask = 2147483647;
			files = (
				22BA342B2879B8C60091B43C /* GoogleService-Info.plist in Resources */,
				22BA34152879A7F80091B43C /* Assets.xcassets in Resources */,
			);
			runOnlyForDeploymentPostprocessing = 0;
		};
/* End PBXResourcesBuildPhase section */

/* Begin PBXSourcesBuildPhase section */
		22BA34042879A7F80091B43C /* Sources */ = {
			isa = PBXSourcesBuildPhase;
			buildActionMask = 2147483647;
			files = (
				96DE23E42893F62B0026458C /* MainCoordinator.swift in Sources */,
				96DE23F32894265E0026458C /* ModifyActivityViewController.swift in Sources */,
				96DE23D92893D7BA0026458C /* LoginViewController.swift in Sources */,
				96DE23DD2893D8820026458C /* LoaderViewModel.swift in Sources */,
				22BA342E2879B9380091B43C /* Router.swift in Sources */,
				22BA34302879BA740091B43C /* Coordinable.swift in Sources */,
				22BA34102879A7F80091B43C /* LoaderViewController.swift in Sources */,
				22E51FE02883316E00EC40E8 /* ViewFactory.swift in Sources */,
				96DE23EC2894008D0026458C /* AuthorizationService.swift in Sources */,
				22E51FDD2880AAE700EC40E8 /* AppCoordinator.swift in Sources */,
				96DE23E92893F95F0026458C /* ActivityViewModel.swift in Sources */,
				96DE23F0289404CD0026458C /* LogoutService.swift in Sources */,
				96DE23D62893D77F0026458C /* AuthCoordinator.swift in Sources */,
				96DE23DB2893D7DF0026458C /* LoginViewModel.swift in Sources */,
				22BA340C2879A7F80091B43C /* AppDelegate.swift in Sources */,
				96DE23F52894266B0026458C /* ModifyActivityViewModel.swift in Sources */,
				96DE23E72893F86C0026458C /* ActivityViewController.swift in Sources */,
				22C64BCB28905AF1004B48E6 /* UIImage+Extension.swift in Sources */,
				22BA340E2879A7F80091B43C /* SceneDelegate.swift in Sources */,
				22BA34322879BD260091B43C /* Constants.swift in Sources */,
				96DE23E22893E64F0026458C /* CoordinatorFactory.swift in Sources */,
			);
			runOnlyForDeploymentPostprocessing = 0;
		};
/* End PBXSourcesBuildPhase section */

/* Begin XCBuildConfiguration section */
		22BA341A2879A7F80091B43C /* Debug */ = {
			isa = XCBuildConfiguration;
			buildSettings = {
				ALWAYS_SEARCH_USER_PATHS = NO;
				CLANG_ANALYZER_NONNULL = YES;
				CLANG_ANALYZER_NUMBER_OBJECT_CONVERSION = YES_AGGRESSIVE;
				CLANG_CXX_LANGUAGE_STANDARD = "gnu++17";
				CLANG_CXX_LIBRARY = "libc++";
				CLANG_ENABLE_MODULES = YES;
				CLANG_ENABLE_OBJC_ARC = YES;
				CLANG_ENABLE_OBJC_WEAK = YES;
				CLANG_WARN_BLOCK_CAPTURE_AUTORELEASING = YES;
				CLANG_WARN_BOOL_CONVERSION = YES;
				CLANG_WARN_COMMA = YES;
				CLANG_WARN_CONSTANT_CONVERSION = YES;
				CLANG_WARN_DEPRECATED_OBJC_IMPLEMENTATIONS = YES;
				CLANG_WARN_DIRECT_OBJC_ISA_USAGE = YES_ERROR;
				CLANG_WARN_DOCUMENTATION_COMMENTS = YES;
				CLANG_WARN_EMPTY_BODY = YES;
				CLANG_WARN_ENUM_CONVERSION = YES;
				CLANG_WARN_INFINITE_RECURSION = YES;
				CLANG_WARN_INT_CONVERSION = YES;
				CLANG_WARN_NON_LITERAL_NULL_CONVERSION = YES;
				CLANG_WARN_OBJC_IMPLICIT_RETAIN_SELF = YES;
				CLANG_WARN_OBJC_LITERAL_CONVERSION = YES;
				CLANG_WARN_OBJC_ROOT_CLASS = YES_ERROR;
				CLANG_WARN_QUOTED_INCLUDE_IN_FRAMEWORK_HEADER = YES;
				CLANG_WARN_RANGE_LOOP_ANALYSIS = YES;
				CLANG_WARN_STRICT_PROTOTYPES = YES;
				CLANG_WARN_SUSPICIOUS_MOVE = YES;
				CLANG_WARN_UNGUARDED_AVAILABILITY = YES_AGGRESSIVE;
				CLANG_WARN_UNREACHABLE_CODE = YES;
				CLANG_WARN__DUPLICATE_METHOD_MATCH = YES;
				COPY_PHASE_STRIP = NO;
				DEBUG_INFORMATION_FORMAT = dwarf;
				ENABLE_STRICT_OBJC_MSGSEND = YES;
				ENABLE_TESTABILITY = YES;
				GCC_C_LANGUAGE_STANDARD = gnu11;
				GCC_DYNAMIC_NO_PIC = NO;
				GCC_NO_COMMON_BLOCKS = YES;
				GCC_OPTIMIZATION_LEVEL = 0;
				GCC_PREPROCESSOR_DEFINITIONS = (
					"DEBUG=1",
					"$(inherited)",
				);
				GCC_WARN_64_TO_32_BIT_CONVERSION = YES;
				GCC_WARN_ABOUT_RETURN_TYPE = YES_ERROR;
				GCC_WARN_UNDECLARED_SELECTOR = YES;
				GCC_WARN_UNINITIALIZED_AUTOS = YES_AGGRESSIVE;
				GCC_WARN_UNUSED_FUNCTION = YES;
				GCC_WARN_UNUSED_VARIABLE = YES;
				IPHONEOS_DEPLOYMENT_TARGET = 15.2;
				MTL_ENABLE_DEBUG_INFO = INCLUDE_SOURCE;
				MTL_FAST_MATH = YES;
				ONLY_ACTIVE_ARCH = YES;
				SDKROOT = iphoneos;
				SWIFT_ACTIVE_COMPILATION_CONDITIONS = DEBUG;
				SWIFT_OPTIMIZATION_LEVEL = "-Onone";
			};
			name = Debug;
		};
		22BA341B2879A7F80091B43C /* Release */ = {
			isa = XCBuildConfiguration;
			buildSettings = {
				ALWAYS_SEARCH_USER_PATHS = NO;
				CLANG_ANALYZER_NONNULL = YES;
				CLANG_ANALYZER_NUMBER_OBJECT_CONVERSION = YES_AGGRESSIVE;
				CLANG_CXX_LANGUAGE_STANDARD = "gnu++17";
				CLANG_CXX_LIBRARY = "libc++";
				CLANG_ENABLE_MODULES = YES;
				CLANG_ENABLE_OBJC_ARC = YES;
				CLANG_ENABLE_OBJC_WEAK = YES;
				CLANG_WARN_BLOCK_CAPTURE_AUTORELEASING = YES;
				CLANG_WARN_BOOL_CONVERSION = YES;
				CLANG_WARN_COMMA = YES;
				CLANG_WARN_CONSTANT_CONVERSION = YES;
				CLANG_WARN_DEPRECATED_OBJC_IMPLEMENTATIONS = YES;
				CLANG_WARN_DIRECT_OBJC_ISA_USAGE = YES_ERROR;
				CLANG_WARN_DOCUMENTATION_COMMENTS = YES;
				CLANG_WARN_EMPTY_BODY = YES;
				CLANG_WARN_ENUM_CONVERSION = YES;
				CLANG_WARN_INFINITE_RECURSION = YES;
				CLANG_WARN_INT_CONVERSION = YES;
				CLANG_WARN_NON_LITERAL_NULL_CONVERSION = YES;
				CLANG_WARN_OBJC_IMPLICIT_RETAIN_SELF = YES;
				CLANG_WARN_OBJC_LITERAL_CONVERSION = YES;
				CLANG_WARN_OBJC_ROOT_CLASS = YES_ERROR;
				CLANG_WARN_QUOTED_INCLUDE_IN_FRAMEWORK_HEADER = YES;
				CLANG_WARN_RANGE_LOOP_ANALYSIS = YES;
				CLANG_WARN_STRICT_PROTOTYPES = YES;
				CLANG_WARN_SUSPICIOUS_MOVE = YES;
				CLANG_WARN_UNGUARDED_AVAILABILITY = YES_AGGRESSIVE;
				CLANG_WARN_UNREACHABLE_CODE = YES;
				CLANG_WARN__DUPLICATE_METHOD_MATCH = YES;
				COPY_PHASE_STRIP = NO;
				DEBUG_INFORMATION_FORMAT = "dwarf-with-dsym";
				ENABLE_NS_ASSERTIONS = NO;
				ENABLE_STRICT_OBJC_MSGSEND = YES;
				GCC_C_LANGUAGE_STANDARD = gnu11;
				GCC_NO_COMMON_BLOCKS = YES;
				GCC_WARN_64_TO_32_BIT_CONVERSION = YES;
				GCC_WARN_ABOUT_RETURN_TYPE = YES_ERROR;
				GCC_WARN_UNDECLARED_SELECTOR = YES;
				GCC_WARN_UNINITIALIZED_AUTOS = YES_AGGRESSIVE;
				GCC_WARN_UNUSED_FUNCTION = YES;
				GCC_WARN_UNUSED_VARIABLE = YES;
				IPHONEOS_DEPLOYMENT_TARGET = 15.2;
				MTL_ENABLE_DEBUG_INFO = NO;
				MTL_FAST_MATH = YES;
				SDKROOT = iphoneos;
				SWIFT_COMPILATION_MODE = wholemodule;
				SWIFT_OPTIMIZATION_LEVEL = "-O";
				VALIDATE_PRODUCT = YES;
			};
			name = Release;
		};
		22BA341D2879A7F80091B43C /* Debug */ = {
			isa = XCBuildConfiguration;
			buildSettings = {
				ASSETCATALOG_COMPILER_APPICON_NAME = AppIcon;
				ASSETCATALOG_COMPILER_GLOBAL_ACCENT_COLOR_NAME = AccentColor;
				CODE_SIGN_STYLE = Automatic;
				CURRENT_PROJECT_VERSION = 1;
				DEVELOPMENT_TEAM = EDG9RYZ466;
				GENERATE_INFOPLIST_FILE = YES;
				INFOPLIST_FILE = CarApp/Info.plist;
				INFOPLIST_KEY_UIApplicationSupportsIndirectInputEvents = YES;
				INFOPLIST_KEY_UILaunchStoryboardName = LaunchScreen;
				INFOPLIST_KEY_UISupportedInterfaceOrientations_iPad = "UIInterfaceOrientationPortrait UIInterfaceOrientationPortraitUpsideDown UIInterfaceOrientationLandscapeLeft UIInterfaceOrientationLandscapeRight";
				INFOPLIST_KEY_UISupportedInterfaceOrientations_iPhone = "UIInterfaceOrientationPortrait UIInterfaceOrientationLandscapeLeft UIInterfaceOrientationLandscapeRight";
				LD_RUNPATH_SEARCH_PATHS = (
					"$(inherited)",
					"@executable_path/Frameworks",
				);
				MARKETING_VERSION = 1.0;
				PRODUCT_BUNDLE_IDENTIFIER = com.iX0ness.CarApp;
				PRODUCT_NAME = "$(TARGET_NAME)";
				SWIFT_EMIT_LOC_STRINGS = YES;
				SWIFT_VERSION = 5.0;
				TARGETED_DEVICE_FAMILY = "1,2";
			};
			name = Debug;
		};
		22BA341E2879A7F80091B43C /* Release */ = {
			isa = XCBuildConfiguration;
			buildSettings = {
				ASSETCATALOG_COMPILER_APPICON_NAME = AppIcon;
				ASSETCATALOG_COMPILER_GLOBAL_ACCENT_COLOR_NAME = AccentColor;
				CODE_SIGN_STYLE = Automatic;
				CURRENT_PROJECT_VERSION = 1;
				DEVELOPMENT_TEAM = EDG9RYZ466;
				GENERATE_INFOPLIST_FILE = YES;
				INFOPLIST_FILE = CarApp/Info.plist;
				INFOPLIST_KEY_UIApplicationSupportsIndirectInputEvents = YES;
				INFOPLIST_KEY_UILaunchStoryboardName = LaunchScreen;
				INFOPLIST_KEY_UISupportedInterfaceOrientations_iPad = "UIInterfaceOrientationPortrait UIInterfaceOrientationPortraitUpsideDown UIInterfaceOrientationLandscapeLeft UIInterfaceOrientationLandscapeRight";
				INFOPLIST_KEY_UISupportedInterfaceOrientations_iPhone = "UIInterfaceOrientationPortrait UIInterfaceOrientationLandscapeLeft UIInterfaceOrientationLandscapeRight";
				LD_RUNPATH_SEARCH_PATHS = (
					"$(inherited)",
					"@executable_path/Frameworks",
				);
				MARKETING_VERSION = 1.0;
				PRODUCT_BUNDLE_IDENTIFIER = com.iX0ness.CarApp;
				PRODUCT_NAME = "$(TARGET_NAME)";
				SWIFT_EMIT_LOC_STRINGS = YES;
				SWIFT_VERSION = 5.0;
				TARGETED_DEVICE_FAMILY = "1,2";
			};
			name = Release;
		};
/* End XCBuildConfiguration section */

/* Begin XCConfigurationList section */
		22BA34032879A7F80091B43C /* Build configuration list for PBXProject "CarApp" */ = {
			isa = XCConfigurationList;
			buildConfigurations = (
				22BA341A2879A7F80091B43C /* Debug */,
				22BA341B2879A7F80091B43C /* Release */,
			);
			defaultConfigurationIsVisible = 0;
			defaultConfigurationName = Release;
		};
		22BA341C2879A7F80091B43C /* Build configuration list for PBXNativeTarget "CarApp" */ = {
			isa = XCConfigurationList;
			buildConfigurations = (
				22BA341D2879A7F80091B43C /* Debug */,
				22BA341E2879A7F80091B43C /* Release */,
			);
			defaultConfigurationIsVisible = 0;
			defaultConfigurationName = Release;
		};
/* End XCConfigurationList section */

/* Begin XCRemoteSwiftPackageReference section */
		96DE23D22893CE780026458C /* XCRemoteSwiftPackageReference "firebase-ios-sdk" */ = {
			isa = XCRemoteSwiftPackageReference;
			repositoryURL = "https://github.com/firebase/firebase-ios-sdk";
			requirement = {
				kind = upToNextMajorVersion;
				minimumVersion = 9.0.0;
			};
		};
/* End XCRemoteSwiftPackageReference section */

/* Begin XCSwiftPackageProductDependency section */
		96DE23D32893CE780026458C /* FirebaseAuth */ = {
			isa = XCSwiftPackageProductDependency;
			package = 96DE23D22893CE780026458C /* XCRemoteSwiftPackageReference "firebase-ios-sdk" */;
			productName = FirebaseAuth;
		};
/* End XCSwiftPackageProductDependency section */
	};
	rootObject = 22BA34002879A7F80091B43C /* Project object */;
}
